// !$*UTF8*$!
{
	archiveVersion = 1;
	classes = {
	};
	objectVersion = 56;
	objects = {

/* Begin PBXBuildFile section */
		100000000000000000000101 /* App/KE8YGWLoggerApp.swift in Sources */ = {isa = PBXBuildFile; fileRef = 100000000000000000000001 /* App/KE8YGWLoggerApp.swift */; };
		100000000000000000000102 /* Models/QSO.swift in Sources */ = {isa = PBXBuildFile; fileRef = 100000000000000000000002 /* Models/QSO.swift */; };
		100000000000000000000103 /* Models/StationProfile.swift in Sources */ = {isa = PBXBuildFile; fileRef = 100000000000000000000003 /* Models/StationProfile.swift */; };
		100000000000000000000104 /* Models/AppSettings.swift in Sources */ = {isa = PBXBuildFile; fileRef = 100000000000000000000004 /* Models/AppSettings.swift */; };
		100000000000000000000105 /* Services/HamRadioUtilities.swift in Sources */ = {isa = PBXBuildFile; fileRef = 100000000000000000000005 /* Services/HamRadioUtilities.swift */; };
		100000000000000000000106 /* Services/LogExportService.swift in Sources */ = {isa = PBXBuildFile; fileRef = 100000000000000000000006 /* Services/LogExportService.swift */; };
		100000000000000000000107 /* Views/RootView.swift in Sources */ = {isa = PBXBuildFile; fileRef = 100000000000000000000007 /* Views/RootView.swift */; };
		100000000000000000000108 /* Views/HomeView.swift in Sources */ = {isa = PBXBuildFile; fileRef = 100000000000000000000008 /* Views/HomeView.swift */; };
		100000000000000000000109 /* Views/NewQSOView.swift in Sources */ = {isa = PBXBuildFile; fileRef = 100000000000000000000009 /* Views/NewQSOView.swift */; };
		10000000000000000000010A /* Views/LogbookView.swift in Sources */ = {isa = PBXBuildFile; fileRef = 10000000000000000000000A /* Views/LogbookView.swift */; };
		10000000000000000000010B /* Views/QSODetailView.swift in Sources */ = {isa = PBXBuildFile; fileRef = 10000000000000000000000B /* Views/QSODetailView.swift */; };
		10000000000000000000010C /* Views/StationProfileView.swift in Sources */ = {isa = PBXBuildFile; fileRef = 10000000000000000000000C /* Views/StationProfileView.swift */; };
		10000000000000000000010D /* Views/ExportView.swift in Sources */ = {isa = PBXBuildFile; fileRef = 10000000000000000000000D /* Views/ExportView.swift */; };
		10000000000000000000010E /* Views/SettingsView.swift in Sources */ = {isa = PBXBuildFile; fileRef = 10000000000000000000000E /* Views/SettingsView.swift */; };
		100000000000000000000201 /* HamRadioUtilitiesTests.swift in Sources */ = {isa = PBXBuildFile; fileRef = 100000000000000000000021 /* HamRadioUtilitiesTests.swift */; };
		100000000000000000000202 /* ExportServiceTests.swift in Sources */ = {isa = PBXBuildFile; fileRef = 100000000000000000000022 /* ExportServiceTests.swift */; };
		200000000000000000000101 /* Models/StationEquipment.swift in Sources */ = {isa = PBXBuildFile; fileRef = 200000000000000000000001 /* Models/StationEquipment.swift */; };
		200000000000000000000102 /* Shared/RustBridge/RustBridge.swift in Sources */ = {isa = PBXBuildFile; fileRef = 200000000000000000000002 /* Shared/RustBridge/RustBridge.swift */; };
		200000000000000000000103 /* Shared/Services/PlatformServices.swift in Sources */ = {isa = PBXBuildFile; fileRef = 200000000000000000000003 /* Shared/Services/PlatformServices.swift */; };
		200000000000000000000104 /* Shared/Theme/AppTheme.swift in Sources */ = {isa = PBXBuildFile; fileRef = 200000000000000000000004 /* Shared/Theme/AppTheme.swift */; };
		200000000000000000000105 /* Features/Dashboard/DashboardView.swift in Sources */ = {isa = PBXBuildFile; fileRef = 200000000000000000000005 /* Features/Dashboard/DashboardView.swift */; };
		200000000000000000000106 /* Features/Logging/LoggingWorkspaceView.swift in Sources */ = {isa = PBXBuildFile; fileRef = 200000000000000000000006 /* Features/Logging/LoggingWorkspaceView.swift */; };
		200000000000000000000107 /* Features/Stations/StationManagementView.swift in Sources */ = {isa = PBXBuildFile; fileRef = 200000000000000000000007 /* Features/Stations/StationManagementView.swift */; };
		200000000000000000000108 /* Features/Providers/ProviderStatusView.swift in Sources */ = {isa = PBXBuildFile; fileRef = 200000000000000000000008 /* Features/Providers/ProviderStatusView.swift */; };
		200000000000000000000109 /* Features/Maps/MapWorkspaceView.swift in Sources */ = {isa = PBXBuildFile; fileRef = 200000000000000000000009 /* Features/Maps/MapWorkspaceView.swift */; };
		20000000000000000000010A /* Features/Sync/SyncWorkspaceView.swift in Sources */ = {isa = PBXBuildFile; fileRef = 20000000000000000000000A /* Features/Sync/SyncWorkspaceView.swift */; };
		20000000000000000000010B /* Features/POTA/POTAView.swift in Sources */ = {isa = PBXBuildFile; fileRef = 20000000000000000000000B /* Features/POTA/POTAView.swift */; };
		20000000000000000000010C /* Features/SOTA/SOTAView.swift in Sources */ = {isa = PBXBuildFile; fileRef = 20000000000000000000000C /* Features/SOTA/SOTAView.swift */; };
		20000000000000000000010D /* Features/NetControl/NetControlView.swift in Sources */ = {isa = PBXBuildFile; fileRef = 20000000000000000000000D /* Features/NetControl/NetControlView.swift */; };
		20000000000000000000010E /* Features/Diagnostics/DiagnosticsView.swift in Sources */ = {isa = PBXBuildFile; fileRef = 20000000000000000000000E /* Features/Diagnostics/DiagnosticsView.swift */; };
		200000000000000000000201 /* RustBridgeTests.swift in Sources */ = {isa = PBXBuildFile; fileRef = 200000000000000000000021 /* RustBridgeTests.swift */; };
		300000000000000000000102 /* Shared/Services/ProjectionRefreshService.swift in Sources */ = {isa = PBXBuildFile; fileRef = 300000000000000000000002 /* Shared/Services/ProjectionRefreshService.swift */; };
		FAAEDEAD2FFCAE2E007249F1 /* appicon.xcassets in Resources */ = {isa = PBXBuildFile; fileRef = FAAEDEAC2FFCAE2E007249F1 /* appicon.xcassets */; };
/* End PBXBuildFile section */

/* Begin PBXContainerItemProxy section */
		100000000000000000000301 /* PBXContainerItemProxy */ = {
			isa = PBXContainerItemProxy;
			containerPortal = 100000000000000000000500 /* Project object */;
			proxyType = 1;
			remoteGlobalIDString = 100000000000000000000400;
			remoteInfo = KE8YGWLogger;
		};
/* End PBXContainerItemProxy section */

/* Begin PBXFileReference section */
		100000000000000000000001 /* App/KE8YGWLoggerApp.swift */ = {isa = PBXFileReference; lastKnownFileType = sourcecode.swift; path = App/KE8YGWLoggerApp.swift; sourceTree = "<group>"; };
		100000000000000000000002 /* Models/QSO.swift */ = {isa = PBXFileReference; lastKnownFileType = sourcecode.swift; path = Models/QSO.swift; sourceTree = "<group>"; };
		100000000000000000000003 /* Models/StationProfile.swift */ = {isa = PBXFileReference; lastKnownFileType = sourcecode.swift; path = Models/StationProfile.swift; sourceTree = "<group>"; };
		100000000000000000000004 /* Models/AppSettings.swift */ = {isa = PBXFileReference; lastKnownFileType = sourcecode.swift; path = Models/AppSettings.swift; sourceTree = "<group>"; };
		100000000000000000000005 /* Services/HamRadioUtilities.swift */ = {isa = PBXFileReference; lastKnownFileType = sourcecode.swift; path = Services/HamRadioUtilities.swift; sourceTree = "<group>"; };
		100000000000000000000006 /* Services/LogExportService.swift */ = {isa = PBXFileReference; lastKnownFileType = sourcecode.swift; path = Services/LogExportService.swift; sourceTree = "<group>"; };
		100000000000000000000007 /* Views/RootView.swift */ = {isa = PBXFileReference; lastKnownFileType = sourcecode.swift; path = Views/RootView.swift; sourceTree = "<group>"; };
		100000000000000000000008 /* Views/HomeView.swift */ = {isa = PBXFileReference; lastKnownFileType = sourcecode.swift; path = Views/HomeView.swift; sourceTree = "<group>"; };
		100000000000000000000009 /* Views/NewQSOView.swift */ = {isa = PBXFileReference; lastKnownFileType = sourcecode.swift; path = Views/NewQSOView.swift; sourceTree = "<group>"; };
		10000000000000000000000A /* Views/LogbookView.swift */ = {isa = PBXFileReference; lastKnownFileType = sourcecode.swift; path = Views/LogbookView.swift; sourceTree = "<group>"; };
		10000000000000000000000B /* Views/QSODetailView.swift */ = {isa = PBXFileReference; lastKnownFileType = sourcecode.swift; path = Views/QSODetailView.swift; sourceTree = "<group>"; };
		10000000000000000000000C /* Views/StationProfileView.swift */ = {isa = PBXFileReference; lastKnownFileType = sourcecode.swift; path = Views/StationProfileView.swift; sourceTree = "<group>"; };
		10000000000000000000000D /* Views/ExportView.swift */ = {isa = PBXFileReference; lastKnownFileType = sourcecode.swift; path = Views/ExportView.swift; sourceTree = "<group>"; };
		10000000000000000000000E /* Views/SettingsView.swift */ = {isa = PBXFileReference; lastKnownFileType = sourcecode.swift; path = Views/SettingsView.swift; sourceTree = "<group>"; };
		10000000000000000000000F /* Resources/Info.plist */ = {isa = PBXFileReference; lastKnownFileType = text.plist.xml; path = Resources/Info.plist; sourceTree = "<group>"; };
		100000000000000000000021 /* HamRadioUtilitiesTests.swift */ = {isa = PBXFileReference; lastKnownFileType = sourcecode.swift; path = HamRadioUtilitiesTests.swift; sourceTree = "<group>"; };
		100000000000000000000022 /* ExportServiceTests.swift */ = {isa = PBXFileReference; lastKnownFileType = sourcecode.swift; path = ExportServiceTests.swift; sourceTree = "<group>"; };
		100000000000000000000030 /* KE8YGW Logger.app */ = {isa = PBXFileReference; explicitFileType = wrapper.application; includeInIndex = 0; path = "KE8YGW Logger.app"; sourceTree = BUILT_PRODUCTS_DIR; };
		100000000000000000000031 /* KE8YGWLoggerTests.xctest */ = {isa = PBXFileReference; explicitFileType = wrapper.cfbundle; includeInIndex = 0; path = KE8YGWLoggerTests.xctest; sourceTree = BUILT_PRODUCTS_DIR; };
		200000000000000000000001 /* Models/StationEquipment.swift */ = {isa = PBXFileReference; lastKnownFileType = sourcecode.swift; path = Models/StationEquipment.swift; sourceTree = "<group>"; };
		200000000000000000000002 /* Shared/RustBridge/RustBridge.swift */ = {isa = PBXFileReference; lastKnownFileType = sourcecode.swift; path = Shared/RustBridge/RustBridge.swift; sourceTree = "<group>"; };
		200000000000000000000003 /* Shared/Services/PlatformServices.swift */ = {isa = PBXFileReference; lastKnownFileType = sourcecode.swift; path = Shared/Services/PlatformServices.swift; sourceTree = "<group>"; };
		200000000000000000000004 /* Shared/Theme/AppTheme.swift */ = {isa = PBXFileReference; lastKnownFileType = sourcecode.swift; path = Shared/Theme/AppTheme.swift; sourceTree = "<group>"; };
		200000000000000000000005 /* Features/Dashboard/DashboardView.swift */ = {isa = PBXFileReference; lastKnownFileType = sourcecode.swift; path = Features/Dashboard/DashboardView.swift; sourceTree = "<group>"; };
		200000000000000000000006 /* Features/Logging/LoggingWorkspaceView.swift */ = {isa = PBXFileReference; lastKnownFileType = sourcecode.swift; path = Features/Logging/LoggingWorkspaceView.swift; sourceTree = "<group>"; };
		200000000000000000000007 /* Features/Stations/StationManagementView.swift */ = {isa = PBXFileReference; lastKnownFileType = sourcecode.swift; path = Features/Stations/StationManagementView.swift; sourceTree = "<group>"; };
		200000000000000000000008 /* Features/Providers/ProviderStatusView.swift */ = {isa = PBXFileReference; lastKnownFileType = sourcecode.swift; path = Features/Providers/ProviderStatusView.swift; sourceTree = "<group>"; };
		200000000000000000000009 /* Features/Maps/MapWorkspaceView.swift */ = {isa = PBXFileReference; lastKnownFileType = sourcecode.swift; path = Features/Maps/MapWorkspaceView.swift; sourceTree = "<group>"; };
		20000000000000000000000A /* Features/Sync/SyncWorkspaceView.swift */ = {isa = PBXFileReference; lastKnownFileType = sourcecode.swift; path = Features/Sync/SyncWorkspaceView.swift; sourceTree = "<group>"; };
		20000000000000000000000B /* Features/POTA/POTAView.swift */ = {isa = PBXFileReference; lastKnownFileType = sourcecode.swift; path = Features/POTA/POTAView.swift; sourceTree = "<group>"; };
		20000000000000000000000C /* Features/SOTA/SOTAView.swift */ = {isa = PBXFileReference; lastKnownFileType = sourcecode.swift; path = Features/SOTA/SOTAView.swift; sourceTree = "<group>"; };
		20000000000000000000000D /* Features/NetControl/NetControlView.swift */ = {isa = PBXFileReference; lastKnownFileType = sourcecode.swift; path = Features/NetControl/NetControlView.swift; sourceTree = "<group>"; };
		20000000000000000000000E /* Features/Diagnostics/DiagnosticsView.swift */ = {isa = PBXFileReference; lastKnownFileType = sourcecode.swift; path = Features/Diagnostics/DiagnosticsView.swift; sourceTree = "<group>"; };
		200000000000000000000021 /* RustBridgeTests.swift */ = {isa = PBXFileReference; lastKnownFileType = sourcecode.swift; path = RustBridgeTests.swift; sourceTree = "<group>"; };
		300000000000000000000002 /* Shared/Services/ProjectionRefreshService.swift */ = {isa = PBXFileReference; lastKnownFileType = sourcecode.swift; path = Shared/Services/ProjectionRefreshService.swift; sourceTree = "<group>"; };
		FAAEDEAC2FFCAE2E007249F1 /* appicon.xcassets */ = {isa = PBXFileReference; lastKnownFileType = folder.assetcatalog; path = appicon.xcassets; sourceTree = "<group>"; };
/* End PBXFileReference section */

/* Begin PBXFrameworksBuildPhase section */
		100000000000000000000401 /* Frameworks */ = {
			isa = PBXFrameworksBuildPhase;
			buildActionMask = 2147483647;
			files = (
			);
			runOnlyForDeploymentPostprocessing = 0;
		};
		100000000000000000000411 /* Frameworks */ = {
			isa = PBXFrameworksBuildPhase;
			buildActionMask = 2147483647;
			files = (
			);
			runOnlyForDeploymentPostprocessing = 0;
		};
/* End PBXFrameworksBuildPhase section */

/* Begin PBXGroup section */
		100000000000000000000010 /* KE8YGWLogger */ = {
			isa = PBXGroup;
			children = (
				100000000000000000000001 /* App/KE8YGWLoggerApp.swift */,
				100000000000000000000002 /* Models/QSO.swift */,
				100000000000000000000003 /* Models/StationProfile.swift */,
				100000000000000000000004 /* Models/AppSettings.swift */,
				200000000000000000000001 /* Models/StationEquipment.swift */,
				100000000000000000000005 /* Services/HamRadioUtilities.swift */,
				100000000000000000000006 /* Services/LogExportService.swift */,
				200000000000000000000002 /* Shared/RustBridge/RustBridge.swift */,
				200000000000000000000003 /* Shared/Services/PlatformServices.swift */,
				300000000000000000000002 /* Shared/Services/ProjectionRefreshService.swift */,
				200000000000000000000004 /* Shared/Theme/AppTheme.swift */,
				200000000000000000000005 /* Features/Dashboard/DashboardView.swift */,
				200000000000000000000006 /* Features/Logging/LoggingWorkspaceView.swift */,
				200000000000000000000007 /* Features/Stations/StationManagementView.swift */,
				200000000000000000000008 /* Features/Providers/ProviderStatusView.swift */,
				200000000000000000000009 /* Features/Maps/MapWorkspaceView.swift */,
				20000000000000000000000A /* Features/Sync/SyncWorkspaceView.swift */,
				20000000000000000000000B /* Features/POTA/POTAView.swift */,
				20000000000000000000000C /* Features/SOTA/SOTAView.swift */,
				20000000000000000000000D /* Features/NetControl/NetControlView.swift */,
				20000000000000000000000E /* Features/Diagnostics/DiagnosticsView.swift */,
				100000000000000000000007 /* Views/RootView.swift */,
				100000000000000000000008 /* Views/HomeView.swift */,
				100000000000000000000009 /* Views/NewQSOView.swift */,
				10000000000000000000000A /* Views/LogbookView.swift */,
				10000000000000000000000B /* Views/QSODetailView.swift */,
				10000000000000000000000C /* Views/StationProfileView.swift */,
				10000000000000000000000D /* Views/ExportView.swift */,
				10000000000000000000000E /* Views/SettingsView.swift */,
				10000000000000000000000F /* Resources/Info.plist */,
				FAAEDEAC2FFCAE2E007249F1 /* appicon.xcassets */,
			);
			path = KE8YGWLogger;
			sourceTree = "<group>";
		};
		100000000000000000000020 /* KE8YGWLoggerTests */ = {
			isa = PBXGroup;
			children = (
				100000000000000000000021 /* HamRadioUtilitiesTests.swift */,
				100000000000000000000022 /* ExportServiceTests.swift */,
			);
			path = KE8YGWLoggerTests;
			sourceTree = "<group>";
		};
		100000000000000000000032 /* Products */ = {
			isa = PBXGroup;
			children = (
				100000000000000000000030 /* KE8YGW Logger.app */,
				100000000000000000000031 /* KE8YGWLoggerTests.xctest */,
			);
			name = Products;
			sourceTree = "<group>";
		};
		100000000000000000000033 = {
			isa = PBXGroup;
			children = (
				100000000000000000000010 /* KE8YGWLogger */,
				100000000000000000000020 /* KE8YGWLoggerTests */,
				100000000000000000000032 /* Products */,
				FAB52E09300457AB009BB3AD /* Recovered References */,
			);
			sourceTree = "<group>";
		};
		FAB52E09300457AB009BB3AD /* Recovered References */ = {
			isa = PBXGroup;
			children = (
				200000000000000000000021 /* RustBridgeTests.swift */,
			);
			name = "Recovered References";
			sourceTree = "<group>";
		};
/* End PBXGroup section */

/* Begin PBXNativeTarget section */
		100000000000000000000400 /* KE8YGWLogger */ = {
			isa = PBXNativeTarget;
			buildConfigurationList = 100000000000000000000700 /* Build configuration list for PBXNativeTarget "KE8YGWLogger" */;
			buildPhases = (
				300000000000000000000201 /* Build HamIOSFFI Rust Library */,
				100000000000000000000402 /* Sources */,
				100000000000000000000401 /* Frameworks */,
				100000000000000000000403 /* Resources */,
			);
			buildRules = (
			);
			dependencies = (
			);
			name = KE8YGWLogger;
			productName = "KE8YGW Logger";
			productReference = 100000000000000000000030 /* KE8YGW Logger.app */;
			productType = "com.apple.product-type.application";
		};
		100000000000000000000410 /* KE8YGWLoggerTests */ = {
			isa = PBXNativeTarget;
			buildConfigurationList = 100000000000000000000710 /* Build configuration list for PBXNativeTarget "KE8YGWLoggerTests" */;
			buildPhases = (
				100000000000000000000412 /* Sources */,
				100000000000000000000411 /* Frameworks */,
				100000000000000000000413 /* Resources */,
			);
			buildRules = (
			);
			dependencies = (
				100000000000000000000302 /* PBXTargetDependency */,
			);
			name = KE8YGWLoggerTests;
			productName = KE8YGWLoggerTests;
			productReference = 100000000000000000000031 /* KE8YGWLoggerTests.xctest */;
			productType = "com.apple.product-type.bundle.unit-test";
		};
/* End PBXNativeTarget section */

/* Begin PBXProject section */
		100000000000000000000500 /* Project object */ = {
			isa = PBXProject;
			attributes = {
				BuildIndependentTargetsInParallel = 1;
				LastSwiftUpdateCheck = 1500;
				LastUpgradeCheck = 2650;
				TargetAttributes = {
					100000000000000000000400 = {
						CreatedOnToolsVersion = 15.0;
					};
					100000000000000000000410 = {
						CreatedOnToolsVersion = 15.0;
						TestTargetID = 100000000000000000000400;
					};
				};
			};
			buildConfigurationList = 100000000000000000000720 /* Build configuration list for PBXProject "KE8YGWLogger" */;
			compatibilityVersion = "Xcode 14.0";
			developmentRegion = en;
			hasScannedForEncodings = 0;
			knownRegions = (
				en,
				Base,
			);
			mainGroup = 100000000000000000000033;
			productRefGroup = 100000000000000000000032 /* Products */;
			projectDirPath = "";
			projectRoot = "";
			targets = (
				100000000000000000000400 /* KE8YGWLogger */,
				100000000000000000000410 /* KE8YGWLoggerTests */,
			);
		};
/* End PBXProject section */

/* Begin PBXResourcesBuildPhase section */
		100000000000000000000403 /* Resources */ = {
			isa = PBXResourcesBuildPhase;
			buildActionMask = 2147483647;
			files = (
				FAAEDEAD2FFCAE2E007249F1 /* appicon.xcassets in Resources */,
			);
			runOnlyForDeploymentPostprocessing = 0;
		};
		100000000000000000000413 /* Resources */ = {
			isa = PBXResourcesBuildPhase;
			buildActionMask = 2147483647;
			files = (
			);
			runOnlyForDeploymentPostprocessing = 0;
		};
/* End PBXResourcesBuildPhase section */

/* Begin PBXShellScriptBuildPhase section */
		300000000000000000000201 /* Build HamIOSFFI Rust Library */ = {
			isa = PBXShellScriptBuildPhase;
			buildActionMask = 2147483647;
			files = (
			);
			inputFileListPaths = (
			);
			inputPaths = (
				"$(SRCROOT)/../../Cargo.lock",
				"$(SRCROOT)/../../Cargo.toml",
				"$(SRCROOT)/../../crates/ham-ios-ffi/Cargo.toml",
				"$(SRCROOT)/../../crates/ham-ios-ffi/include/ham_ios_ffi.h",
				"$(SRCROOT)/../../crates/ham-ios-ffi/include/module.modulemap",
				"$(SRCROOT)/../../crates/ham-ios-ffi/src/lib.rs",
				"$(SRCROOT)/../../scripts/ios/build-rust.sh",
				"$(SRCROOT)/../../scripts/ios/build-xcframework.sh",
				"$(SRCROOT)/../../scripts/ios/install-targets.sh",
				"$(SRCROOT)/../../scripts/ios/rust-env.sh",
			);
			name = "Build HamIOSFFI Rust Library";
			outputFileListPaths = (
			);
			outputPaths = (
				"$(SRCROOT)/../../artifacts/ios/link/$(CONFIGURATION)$(EFFECTIVE_PLATFORM_NAME)/libham_ios_ffi.a",
			);
			runOnlyForDeploymentPostprocessing = 0;
			shellPath = /bin/sh;
			shellScript = "set -euo pipefail\nif [ \"${SKIP_RUST_XCFRAMEWORK_BUILD:-}\" = \"1\" ]; then\n  echo \"Skipping Rust XCFramework build because SKIP_RUST_XCFRAMEWORK_BUILD=1\"\n  exit 0\nfi\nbash \"$SRCROOT/../../scripts/ios/build-xcframework.sh\"\n";
		};
/* End PBXShellScriptBuildPhase section */

/* Begin PBXSourcesBuildPhase section */
		100000000000000000000402 /* Sources */ = {
			isa = PBXSourcesBuildPhase;
			buildActionMask = 2147483647;
			files = (
				100000000000000000000101 /* App/KE8YGWLoggerApp.swift in Sources */,
				100000000000000000000102 /* Models/QSO.swift in Sources */,
				100000000000000000000103 /* Models/StationProfile.swift in Sources */,
				100000000000000000000104 /* Models/AppSettings.swift in Sources */,
				200000000000000000000101 /* Models/StationEquipment.swift in Sources */,
				100000000000000000000105 /* Services/HamRadioUtilities.swift in Sources */,
				100000000000000000000106 /* Services/LogExportService.swift in Sources */,
				200000000000000000000102 /* Shared/RustBridge/RustBridge.swift in Sources */,
				200000000000000000000103 /* Shared/Services/PlatformServices.swift in Sources */,
				300000000000000000000102 /* Shared/Services/ProjectionRefreshService.swift in Sources */,
				200000000000000000000104 /* Shared/Theme/AppTheme.swift in Sources */,
				200000000000000000000105 /* Features/Dashboard/DashboardView.swift in Sources */,
				200000000000000000000106 /* Features/Logging/LoggingWorkspaceView.swift in Sources */,
				200000000000000000000107 /* Features/Stations/StationManagementView.swift in Sources */,
				200000000000000000000108 /* Features/Providers/ProviderStatusView.swift in Sources */,
				200000000000000000000109 /* Features/Maps/MapWorkspaceView.swift in Sources */,
				20000000000000000000010A /* Features/Sync/SyncWorkspaceView.swift in Sources */,
				20000000000000000000010B /* Features/POTA/POTAView.swift in Sources */,
				20000000000000000000010C /* Features/SOTA/SOTAView.swift in Sources */,
				20000000000000000000010D /* Features/NetControl/NetControlView.swift in Sources */,
				20000000000000000000010E /* Features/Diagnostics/DiagnosticsView.swift in Sources */,
				100000000000000000000107 /* Views/RootView.swift in Sources */,
				100000000000000000000108 /* Views/HomeView.swift in Sources */,
				100000000000000000000109 /* Views/NewQSOView.swift in Sources */,
				10000000000000000000010A /* Views/LogbookView.swift in Sources */,
				10000000000000000000010B /* Views/QSODetailView.swift in Sources */,
				10000000000000000000010C /* Views/StationProfileView.swift in Sources */,
				10000000000000000000010D /* Views/ExportView.swift in Sources */,
				10000000000000000000010E /* Views/SettingsView.swift in Sources */,
			);
			runOnlyForDeploymentPostprocessing = 0;
		};
		100000000000000000000412 /* Sources */ = {
			isa = PBXSourcesBuildPhase;
			buildActionMask = 2147483647;
			files = (
				100000000000000000000201 /* HamRadioUtilitiesTests.swift in Sources */,
				100000000000000000000202 /* ExportServiceTests.swift in Sources */,
				200000000000000000000201 /* RustBridgeTests.swift in Sources */,
			);
			runOnlyForDeploymentPostprocessing = 0;
		};
/* End PBXSourcesBuildPhase section */

/* Begin PBXTargetDependency section */
		100000000000000000000302 /* PBXTargetDependency */ = {
			isa = PBXTargetDependency;
			target = 100000000000000000000400 /* KE8YGWLogger */;
			targetProxy = 100000000000000000000301 /* PBXContainerItemProxy */;
		};
/* End PBXTargetDependency section */

/* Begin XCBuildConfiguration section */
		100000000000000000000600 /* Debug */ = {
			isa = XCBuildConfiguration;
			buildSettings = {
				ALWAYS_SEARCH_USER_PATHS = NO;
				ASSETCATALOG_COMPILER_GENERATE_SWIFT_ASSET_SYMBOL_EXTENSIONS = YES;
				CLANG_ANALYZER_NONNULL = YES;
				CLANG_ANALYZER_NUMBER_OBJECT_CONVERSION = YES_AGGRESSIVE;
				CLANG_CXX_LANGUAGE_STANDARD = "gnu++20";
				CLANG_ENABLE_MODULES = YES;
				CLANG_ENABLE_OBJC_ARC = YES;
				CLANG_ENABLE_OBJC_WEAK = YES;
				CLANG_WARN_BLOCK_CAPTURE_AUTORELEASING = YES;
				CLANG_WARN_BOOL_CONVERSION = YES;
				CLANG_WARN_COMMA = YES;
				CLANG_WARN_CONSTANT_CONVERSION = YES;
				CLANG_WARN_DEPRECATED_OBJC_IMPLEMENTATIONS = YES;
				CLANG_WARN_DIRECT_OBJC_ISA_USAGE = YES_ERROR;
				CLANG_WARN_DOCUMENTATION_COMMENTS = YES;
				CLANG_WARN_EMPTY_BODY = YES;
				CLANG_WARN_ENUM_CONVERSION = YES;
				CLANG_WARN_INFINITE_RECURSION = YES;
				CLANG_WARN_INT_CONVERSION = YES;
				CLANG_WARN_NON_LITERAL_NULL_CONVERSION = YES;
				CLANG_WARN_OBJC_IMPLICIT_RETAIN_SELF = YES;
				CLANG_WARN_OBJC_LITERAL_CONVERSION = YES;
				CLANG_WARN_OBJC_ROOT_CLASS = YES_ERROR;
				CLANG_WARN_QUOTED_INCLUDE_IN_FRAMEWORK_HEADER = YES;
				CLANG_WARN_RANGE_LOOP_ANALYSIS = YES;
				CLANG_WARN_STRICT_PROTOTYPES = YES;
				CLANG_WARN_SUSPICIOUS_MOVE = YES;
				CLANG_WARN_UNGUARDED_AVAILABILITY = YES_AGGRESSIVE;
				CLANG_WARN_UNREACHABLE_CODE = YES;
				CLANG_WARN__DUPLICATE_METHOD_MATCH = YES;
				COPY_PHASE_STRIP = NO;
				DEBUG_INFORMATION_FORMAT = dwarf;
				ENABLE_STRICT_OBJC_MSGSEND = YES;
				ENABLE_TESTABILITY = YES;
				ENABLE_USER_SCRIPT_SANDBOXING = YES;
				GCC_C_LANGUAGE_STANDARD = gnu17;
				GCC_DYNAMIC_NO_PIC = NO;
				GCC_NO_COMMON_BLOCKS = YES;
				GCC_OPTIMIZATION_LEVEL = 0;
				GCC_PREPROCESSOR_DEFINITIONS = (
					"DEBUG=1",
					"$(inherited)",
				);
				GCC_WARN_64_TO_32_BIT_CONVERSION = YES;
				GCC_WARN_ABOUT_RETURN_TYPE = YES_ERROR;
				GCC_WARN_UNDECLARED_SELECTOR = YES;
				GCC_WARN_UNINITIALIZED_AUTOS = YES_AGGRESSIVE;
				GCC_WARN_UNUSED_FUNCTION = YES;
				GCC_WARN_UNUSED_VARIABLE = YES;
				IPHONEOS_DEPLOYMENT_TARGET = 17.0;
				MTL_ENABLE_DEBUG_INFO = INCLUDE_SOURCE;
				MTL_FAST_MATH = YES;
				ONLY_ACTIVE_ARCH = YES;
				SDKROOT = iphoneos;
				STRING_CATALOG_GENERATE_SYMBOLS = YES;
				SWIFT_ACTIVE_COMPILATION_CONDITIONS = DEBUG;
				SWIFT_EMIT_LOC_STRINGS = YES;
				SWIFT_OPTIMIZATION_LEVEL = "-Onone";
			};
			name = Debug;
		};
		100000000000000000000601 /* Release */ = {
			isa = XCBuildConfiguration;
			buildSettings = {
				ALWAYS_SEARCH_USER_PATHS = NO;
				ASSETCATALOG_COMPILER_GENERATE_SWIFT_ASSET_SYMBOL_EXTENSIONS = YES;
				CLANG_ANALYZER_NONNULL = YES;
				CLANG_ANALYZER_NUMBER_OBJECT_CONVERSION = YES_AGGRESSIVE;
				CLANG_CXX_LANGUAGE_STANDARD = "gnu++20";
				CLANG_ENABLE_MODULES = YES;
				CLANG_ENABLE_OBJC_ARC = YES;
				CLANG_ENABLE_OBJC_WEAK = YES;
				CLANG_WARN_BLOCK_CAPTURE_AUTORELEASING = YES;
				CLANG_WARN_BOOL_CONVERSION = YES;
				CLANG_WARN_COMMA = YES;
				CLANG_WARN_CONSTANT_CONVERSION = YES;
				CLANG_WARN_DEPRECATED_OBJC_IMPLEMENTATIONS = YES;
				CLANG_WARN_DIRECT_OBJC_ISA_USAGE = YES_ERROR;
				CLANG_WARN_DOCUMENTATION_COMMENTS = YES;
				CLANG_WARN_EMPTY_BODY = YES;
				CLANG_WARN_ENUM_CONVERSION = YES;
				CLANG_WARN_INFINITE_RECURSION = YES;
				CLANG_WARN_INT_CONVERSION = YES;
				CLANG_WARN_NON_LITERAL_NULL_CONVERSION = YES;
				CLANG_WARN_OBJC_IMPLICIT_RETAIN_SELF = YES;
				CLANG_WARN_OBJC_LITERAL_CONVERSION = YES;
				CLANG_WARN_OBJC_ROOT_CLASS = YES_ERROR;
				CLANG_WARN_QUOTED_INCLUDE_IN_FRAMEWORK_HEADER = YES;
				CLANG_WARN_RANGE_LOOP_ANALYSIS = YES;
				CLANG_WARN_STRICT_PROTOTYPES = YES;
				CLANG_WARN_SUSPICIOUS_MOVE = YES;
				CLANG_WARN_UNGUARDED_AVAILABILITY = YES_AGGRESSIVE;
				CLANG_WARN_UNREACHABLE_CODE = YES;
				CLANG_WARN__DUPLICATE_METHOD_MATCH = YES;
				COPY_PHASE_STRIP = NO;
				DEBUG_INFORMATION_FORMAT = "dwarf-with-dsym";
				ENABLE_NS_ASSERTIONS = NO;
				ENABLE_STRICT_OBJC_MSGSEND = YES;
				ENABLE_USER_SCRIPT_SANDBOXING = YES;
				GCC_C_LANGUAGE_STANDARD = gnu17;
				GCC_NO_COMMON_BLOCKS = YES;
				GCC_WARN_64_TO_32_BIT_CONVERSION = YES;
				GCC_WARN_ABOUT_RETURN_TYPE = YES_ERROR;
				GCC_WARN_UNDECLARED_SELECTOR = YES;
				GCC_WARN_UNINITIALIZED_AUTOS = YES_AGGRESSIVE;
				GCC_WARN_UNUSED_FUNCTION = YES;
				GCC_WARN_UNUSED_VARIABLE = YES;
				IPHONEOS_DEPLOYMENT_TARGET = 17.0;
				MTL_ENABLE_DEBUG_INFO = NO;
				MTL_FAST_MATH = YES;
				SDKROOT = iphoneos;
				STRING_CATALOG_GENERATE_SYMBOLS = YES;
				SWIFT_COMPILATION_MODE = wholemodule;
				SWIFT_EMIT_LOC_STRINGS = YES;
				SWIFT_OPTIMIZATION_LEVEL = "-O";
				VALIDATE_PRODUCT = YES;
			};
			name = Release;
		};
		100000000000000000000610 /* Debug */ = {
			isa = XCBuildConfiguration;
			buildSettings = {
				ASSETCATALOG_COMPILER_APPICON_NAME = AppIcon;
				CODE_SIGN_STYLE = Automatic;
				CURRENT_PROJECT_VERSION = 1;
				DEVELOPMENT_TEAM = R4B2HA4TUA;
				ENABLE_USER_SCRIPT_SANDBOXING = NO;
				GENERATE_INFOPLIST_FILE = NO;
				INFOPLIST_FILE = KE8YGWLogger/Resources/Info.plist;
				IPHONEOS_DEPLOYMENT_TARGET = 18.6;
				LD_RUNPATH_SEARCH_PATHS = (
					"$(inherited)",
					"@executable_path/Frameworks",
				);
				LIBRARY_SEARCH_PATHS = (
					"$(inherited)",
					"$(SRCROOT)/../../artifacts/ios/link/$(CONFIGURATION)$(EFFECTIVE_PLATFORM_NAME)",
				);
				MARKETING_VERSION = 0.2.0;
				OTHER_LDFLAGS = (
					"$(inherited)",
					"-lham_ios_ffi",
				);
				PRODUCT_BUNDLE_IDENTIFIER = "com.h2technologiesllc.ke8ygw-logger";
				PRODUCT_MODULE_NAME = KE8YGWLogger;
				PRODUCT_NAME = "KE8YGW Logger";
				SUPPORTED_PLATFORMS = "iphoneos iphonesimulator";
				SUPPORTS_MACCATALYST = NO;
				SWIFT_VERSION = 5.0;
				TARGETED_DEVICE_FAMILY = "1,2";
			};
			name = Debug;
		};
		100000000000000000000611 /* Release */ = {
			isa = XCBuildConfiguration;
			buildSettings = {
				ASSETCATALOG_COMPILER_APPICON_NAME = AppIcon;
				CODE_SIGN_STYLE = Automatic;
				CURRENT_PROJECT_VERSION = 1;
				DEVELOPMENT_TEAM = R4B2HA4TUA;
				ENABLE_USER_SCRIPT_SANDBOXING = NO;
				GENERATE_INFOPLIST_FILE = NO;
				INFOPLIST_FILE = KE8YGWLogger/Resources/Info.plist;
				IPHONEOS_DEPLOYMENT_TARGET = 18.6;
				LD_RUNPATH_SEARCH_PATHS = (
					"$(inherited)",
					"@executable_path/Frameworks",
				);
				LIBRARY_SEARCH_PATHS = (
					"$(inherited)",
					"$(SRCROOT)/../../artifacts/ios/link/$(CONFIGURATION)$(EFFECTIVE_PLATFORM_NAME)",
				);
				MARKETING_VERSION = 0.2.0;
				OTHER_LDFLAGS = (
					"$(inherited)",
					"-lham_ios_ffi",
				);
				PRODUCT_BUNDLE_IDENTIFIER = "com.h2technologiesllc.ke8ygw-logger";
				PRODUCT_MODULE_NAME = KE8YGWLogger;
				PRODUCT_NAME = "KE8YGW Logger";
				SUPPORTED_PLATFORMS = "iphoneos iphonesimulator";
				SUPPORTS_MACCATALYST = NO;
				SWIFT_VERSION = 5.0;
				TARGETED_DEVICE_FAMILY = "1,2";
			};
			name = Release;
		};
		100000000000000000000620 /* Debug */ = {
			isa = XCBuildConfiguration;
			buildSettings = {
				BUNDLE_LOADER = "$(TEST_HOST)";
				CODE_SIGN_STYLE = Automatic;
				DEVELOPMENT_TEAM = R4B2HA4TUA;
				GENERATE_INFOPLIST_FILE = YES;
				IPHONEOS_DEPLOYMENT_TARGET = 17.0;
				LD_RUNPATH_SEARCH_PATHS = (
					"$(inherited)",
					"@executable_path/Frameworks",
					"@loader_path/Frameworks",
				);
				PRODUCT_BUNDLE_IDENTIFIER = "com.h2technologiesllc.ke8ygw-logger.tests";
				PRODUCT_MODULE_NAME = KE8YGWLoggerTests;
				PRODUCT_NAME = "$(TARGET_NAME)";
				SWIFT_VERSION = 5.0;
				TARGETED_DEVICE_FAMILY = "1,2";
				TEST_HOST = "$(BUILT_PRODUCTS_DIR)/KE8YGW Logger.app/$(BUNDLE_EXECUTABLE_FOLDER_PATH)/KE8YGW Logger";
			};
			name = Debug;
		};
		100000000000000000000621 /* Release */ = {
			isa = XCBuildConfiguration;
			buildSettings = {
				BUNDLE_LOADER = "$(TEST_HOST)";
				CODE_SIGN_STYLE = Automatic;
				DEVELOPMENT_TEAM = R4B2HA4TUA;
				GENERATE_INFOPLIST_FILE = YES;
				IPHONEOS_DEPLOYMENT_TARGET = 17.0;
				LD_RUNPATH_SEARCH_PATHS = (
					"$(inherited)",
					"@executable_path/Frameworks",
					"@loader_path/Frameworks",
				);
				PRODUCT_BUNDLE_IDENTIFIER = "com.h2technologiesllc.ke8ygw-logger.tests";
				PRODUCT_MODULE_NAME = KE8YGWLoggerTests;
				PRODUCT_NAME = "$(TARGET_NAME)";
				SWIFT_VERSION = 5.0;
				TARGETED_DEVICE_FAMILY = "1,2";
				TEST_HOST = "$(BUILT_PRODUCTS_DIR)/KE8YGW Logger.app/$(BUNDLE_EXECUTABLE_FOLDER_PATH)/KE8YGW Logger";
			};
			name = Release;
		};
/* End XCBuildConfiguration section */

/* Begin XCConfigurationList section */
		100000000000000000000700 /* Build configuration list for PBXNativeTarget "KE8YGWLogger" */ = {
			isa = XCConfigurationList;
			buildConfigurations = (
				100000000000000000000610 /* Debug */,
				100000000000000000000611 /* Release */,
			);
			defaultConfigurationIsVisible = 0;
			defaultConfigurationName = Release;
		};
		100000000000000000000710 /* Build configuration list for PBXNativeTarget "KE8YGWLoggerTests" */ = {
			isa = XCConfigurationList;
			buildConfigurations = (
				100000000000000000000620 /* Debug */,
				100000000000000000000621 /* Release */,
			);
			defaultConfigurationIsVisible = 0;
			defaultConfigurationName = Release;
		};
		100000000000000000000720 /* Build configuration list for PBXProject "KE8YGWLogger" */ = {
			isa = XCConfigurationList;
			buildConfigurations = (
				100000000000000000000600 /* Debug */,
				100000000000000000000601 /* Release */,
			);
			defaultConfigurationIsVisible = 0;
			defaultConfigurationName = Release;
		};
/* End XCConfigurationList section */
	};
	rootObject = 100000000000000000000500 /* Project object */;
}
